
Microsoft Visual Studio Solution File, Format Version 12.00
# Visual Studio 15
VisualStudioVersion = 15.0.27703.2047
MinimumVisualStudioVersion = 10.0.40219.1
Project("{8BC9CEB8-8B4A-11D0-8D11-00A0C91BC942}") = "Calculator", "Calculator\Calculator.vcxproj", "{CCAB1384-FAEE-406A-AC40-4C6772EC6BF0}"
EndProject
Project("{8BC9CEB8-8B4A-11D0-8D11-00A0C91BC942}") = "PolyMorphism", "PolyMorphism\PolyMorphism.vcxproj", "{EEC75A50-DE75-47B1-8BE7-24C16A14D633}"
EndProject
Global
	GlobalSection(SolutionConfigurationPlatforms) = preSolution
		Debug|x64 = Debug|x64
		Debug|x86 = Debug|x86
		Release|x64 = Release|x64
		Release|x86 = Release|x86
	EndGlobalSection
	GlobalSection(ProjectConfigurationPlatforms) = postSolution
		{CCAB1384-FAEE-406A-AC40-4C6772EC6BF0}.Debug|x64.ActiveCfg = Debug|x64
		{CCAB1384-FAEE-406A-AC40-4C6772EC6BF0}.Debug|x64.Build.0 = Debug|x64
		{CCAB1384-FAEE-406A-AC40-4C6772EC6BF0}.Debug|x86.ActiveCfg = Debug|Win32
		{CCAB1384-FAEE-406A-AC40-4C6772EC6BF0}.Debug|x86.Build.0 = Debug|Win32
		{CCAB1384-FAEE-406A-AC40-4C6772EC6BF0}.Release|x64.ActiveCfg = Release|x64
		{CCAB1384-FAEE-406A-AC40-4C6772EC6BF0}.Release|x64.Build.0 = Release|x64
		{CCAB1384-FAEE-406A-AC40-4C6772EC6BF0}.Release|x86.ActiveCfg = Release|Win32
		{CCAB1384-FAEE-406A-AC40-4C6772EC6BF0}.Release|x86.Build.0 = Release|Win32
		{EEC75A50-DE75-47B1-8BE7-24C16A14D633}.Debug|x64.ActiveCfg = Debug|x64
		{EEC75A50-DE75-47B1-8BE7-24C16A14D633}.Debug|x64.Build.0 = Debug|x64
		{EEC75A50-DE75-47B1-8BE7-24C16A14D633}.Debug|x86.ActiveCfg = Debug|Win32
		{EEC75A50-DE75-47B1-8BE7-24C16A14D633}.Debug|x86.Build.0 = Debug|Win32
		{EEC75A50-DE75-47B1-8BE7-24C16A14D633}.Release|x64.ActiveCfg = Release|x64
		{EEC75A50-DE75-47B1-8BE7-24C16A14D633}.Release|x64.Build.0 = Release|x64
		{EEC75A50-DE75-47B1-8BE7-24C16A14D633}.Release|x86.ActiveCfg = Release|Win32
		{EEC75A50-DE75-47B1-8BE7-24C16A14D633}.Release|x86.Build.0 = Release|Win32
	EndGlobalSection
	GlobalSection(SolutionProperties) = preSolution
		HideSolutionNode = FALSE
	EndGlobalSection
	GlobalSection(ExtensibilityGlobals) = postSolution
		SolutionGuid = {2D1E49A3-6525-47A0-ADF7-A234E1E33A5C}
	EndGlobalSection
EndGlobal
